# Hash-locked build dependencies for the arm64 CPython 3.12 wheel workflow.
# Keep exact versions and all hashes; install with pip --require-hashes.
altgraph==0.17.5 \
    --hash=sha256:c87b395dd12fabde9c99573a9749d67da8d29ef9de0125c7f536699b4a9bc9e7 \
    --hash=sha256:f3a22400bce1b0c701683820ac4f3b159cd301acab067c51c653e06961600597
    # via macholib
cmake==3.31.6 \
    --hash=sha256:024a79ca3d2c355f75875b6cc92d907afd710d1a4ffde2f20a7da712a2f4b1c3 \
    --hash=sha256:112b36427e59bd26145b705a49d5f70b16433a655ce807cb8fdd81dd4d0e60c2 \
    --hash=sha256:13f2e636dc27834fe096f53301d6efb913b4b501fdc0ed03f386c0a7e7ec1a21 \
    --hash=sha256:1c8b05df0602365da91ee6a3336fe57525b137706c4ab5675498f662ae1dbcec \
    --hash=sha256:2297e9591307d9c61e557efe737bcf4d7c13a30f1f860732f684a204fee24dca \
    --hash=sha256:42d9883b8958da285d53d5f69d40d9650c2d1bcf922d82b3ebdceb2b3a7d4521 \
    --hash=sha256:4326f6c6f39867a60e2822fea8e6aedbcac09c9f59ad3f0f3386a890a2c8d89d \
    --hash=sha256:547efc1d0e27a194da819a0392fe645a9b8f1485bc2c3f34ae4f1e682cfd3153 \
    --hash=sha256:689441fc74fbb03673c67e20d4636614a231634d5e803387cd213d2cdf9675fc \
    --hash=sha256:6cb97adae7e5390ce68f8b7f38e1be1c72bf19e9f6727f31f8fa1c095b39be88 \
    --hash=sha256:6f77db820af725bb92fab60c4c9d67f64442ac0ea9b933aca4cd4586219cbd1f \
    --hash=sha256:8b67bf9613dfb59c12ce643c6be582c49c981e6eee28c4c244aeb3248b33f05e \
    --hash=sha256:8edddfbf367fa1bcf4b9f3064470bc0e1022f70609c0cf69c863961897826205 \
    --hash=sha256:9eed74a1f2a29a7cd92a9f071a35d64645b19802beb393ec250d6e7c09441314 \
    --hash=sha256:9f170e3c6933dba64f333cb456823bbb1d0ac126f94aa4a577e40855d2b1ca49 \
    --hash=sha256:bbaed969cef3c427f4f17591feb28db4ae595e3a4bbd45cb35522cee14df6a32 \
    --hash=sha256:ce5fc0299ecafe489b2614daa6176c3c2baacea6bc3b359bac9aa25b46ed43e9 \
    --hash=sha256:cefb910be81e1b4fdc3b89ef61819c3e848b3906ed56ac36d090f37cfa05666b \
    --hash=sha256:da9d4fd9abd571fd016ddb27da0428b10277010b23bb21e3678f8b9e96e1686e
    # via -r requirements.in
cython==3.1.3 \
    --hash=sha256:00264cafcc451dcefc01eaf29ed5ec150fb73af21d4d21105d97e9d829a53e99 \
    --hash=sha256:08ac646ff42781827f23b7a9b61669cdb92055f52724cd8cbe0e1defc56fce2e \
    --hash=sha256:097374fa1370e9967e48442a41a0acbebb94fe9d63976cad31eacd38424847bf \
    --hash=sha256:10ee785e42328924b78f75a74f66a813cb956b4a9bc91c44816d089d5934c089 \
    --hash=sha256:16dc5d40712b73f663c3ae19a283b9f2c6228d47eb8369bc87d1d8fc35c2bce8 \
    --hash=sha256:1e7fc012991421720620aeb846f01f8acefdac4ff57819388036f6ab1d613b51 \
    --hash=sha256:20d6b5a9fc210d3bc2880413011f606e1208e12ee6efc74717445a63f9795af1 \
    --hash=sha256:22473fe11a8dc156b66f5bd9e60b4dd59b9350a1ee70317c1dda9bb71e34b409 \
    --hash=sha256:29d8fda4d62b693e62992c665a688e3a220be70958c48eb4c2634093c9998156 \
    --hash=sha256:2ab05d1bf2d5522ecff35d94ca233b77db2300413597c3ca0b6448377fa4bd7c \
    --hash=sha256:3003814be46f67ef997430c9ca5a1f6aa169a79df3faddb277c20fb9f52d1e4b \
    --hash=sha256:32d1b22c3b231326e9f16480a7f508c6841bbf7d0615c2d6f489ebc72dd05205 \
    --hash=sha256:34a973844998281951bf54cdd0b6a9946ba03ba94580820738583a00da167d8f \
    --hash=sha256:38e268eba028760167188ae81091f5380ca40a72d2a9eaff4fc6d41fd73a9254 \
    --hash=sha256:3af75ad4f490708f4254aa143991dd5cb59c1bda328a099ecf056add2aa81209 \
    --hash=sha256:3b2243fed3eeb129dedf2cebbe3be0d9b02fbf3bc75b387aafd54aac3950baa6 \
    --hash=sha256:40f519fb0757394c892f970ad4c299b27f348c96abe0a7f4882f57d288101fde \
    --hash=sha256:42b1c3ebe36a52e2a8e939c0651e9ca5d30b81d03f800bbf0499deb0503ab565 \
    --hash=sha256:4680169f2839294d33e8c290e780cee87417b4544ff0bd3f1ca5edbeda608292 \
    --hash=sha256:46957ccbbc1647ba7efd72dabf031ec0eff9be1673de4a8aa99c8c1162d2f50f \
    --hash=sha256:4b05319e36f34d5388deea5cc2bcfd65f9ebf76f4ea050829421a69625dbba4a \
    --hash=sha256:4b3b2f6587b42efdece2d174a2aa4234da4524cc6673f3955c2e62b60c6d11fd \
    --hash=sha256:62b0a9514b68391aae9784405b65738bbe19cdead3dd7b90dd9e963281db1ee3 \
    --hash=sha256:640f38f1e90bfd8ac1912a1af17574936ba30dc90797da0b11fee913a22f49a2 \
    --hash=sha256:661f0121bdd9fe1ec6583c41f110c0e24f9cf551b1bfa76fd436de628654f8b2 \
    --hash=sha256:680c9168882c5e8031dd31df199b9a5ee897e95136d15f8c6454b62162ede25e \
    --hash=sha256:6aadf7de28bc75ddfe2ce2c53fc8acf428f0499b3ac62ab3cc3b71a248edf59b \
    --hash=sha256:7851107204085f4f02d0eb6b660ddcad2ce4846e8b7a1eaba724a0bd3cd68a6b \
    --hash=sha256:7ac902a17934a6da46f80755f49413bc4c03a569ae3c834f5d66da7288ba7e6c \
    --hash=sha256:7d7a555a864b1b08576f9e8a67f3789796a065837544f9f683ebf3188012fdbd \
    --hash=sha256:833cd0fdba9210d2f1f29e097579565a296d7ff567fd63e8cf5fde4c14339f4f \
    --hash=sha256:840755545f61e79b3f75c92af7c0c19ab89f57c5521bf0fb59660412dd50c5c4 \
    --hash=sha256:849ef3d15d4354e5f74cdb6d3c80d80b03209b3bf1f4ff93315890b19da18944 \
    --hash=sha256:8880daa7a0ddf971593f24da161c976bc1bea895393fdfebb8e54269321d9d2b \
    --hash=sha256:8ea4e363a523eabd987852715372de6ed34c1af65d04357058b18e509e83bfb7 \
    --hash=sha256:93dd0f62a3f8e93166d8584f8b243180d681ba8fed1f530b55d5f70c348c5797 \
    --hash=sha256:9458d540ef0853ea4fc65b8a946587bd483ef7244b470b3d93424eb7b04edeb1 \
    --hash=sha256:963cf640d049fcca1cefd62d1653f859892d6dc8e4d958eb49a5babc491de6a1 \
    --hash=sha256:976db373c315f342dcb24cd65b5e4c08d2c7b42f9f6ac1b3f677eb2abc9bfb0f \
    --hash=sha256:9ec6007da0395d6537f3946f5e0ae25a583e4cf652422b14ff65fe8b11467d8d \
    --hash=sha256:9ec901176efca3628e017603978d931f69ddb078b01e7221dd3b874615fc5b13 \
    --hash=sha256:a48e2180d74e3c528561d85b48f9a939a429537f9ea8aac7fb16180e7bff47e2 \
    --hash=sha256:ae7683987eea77890eb3251738b52a775565652730d6a1a6e39c5e1351d7d89b \
    --hash=sha256:b827ce7d97ef8624adcf2bdda594b3dcb6c9b4f124d8f72001d8aea27d69dc1c \
    --hash=sha256:bb0e0e7fceaffa22e4dc9600f7f75998eef5cc6ac5a8c0733b482851ba765ef2 \
    --hash=sha256:c04367fa0e6c35b199eb51d64b5e185584b810f6c2b96726ce450300faf99686 \
    --hash=sha256:c366a179d0c1f285c661efddcfe969f40208f76f008d4a5a657a0822ae3dbf96 \
    --hash=sha256:c62c6eb8b3d500a236e30e9e192f7765506e729e745c25366429ba38652b9116 \
    --hash=sha256:c9178f0c06f4bc92372dc44e3867e9285bebd556953e47857c26b389aabe2828 \
    --hash=sha256:cd517e3be052fb49443585b01f02f46080b3408e32c1108a0fdc4cc25b3c9d30 \
    --hash=sha256:d03179a36256031be112e4ae0b41cc18fe26eef54ef615b7ee859be9bb30260a \
    --hash=sha256:d13025b34f72f77bf7f65c1cd628914763e6c285f4deb934314c922b91e6be5a \
    --hash=sha256:d1fff5b2a9dec9e300dc9430d163783968723faa7266646084ab5bb9fa79f4ce \
    --hash=sha256:d32792c80b1fa8be9de207ec8844d49c4d1d0d60e5136d20f344729270db6490 \
    --hash=sha256:d4c7e0b8584b02a349952de7d7d47f89c97cbf3fee74962e89e3caa78139ec84 \
    --hash=sha256:d4da2e624d381e9790152672bfc599a5fb4b823b99d82700a10f5db3311851f9 \
    --hash=sha256:d5b7648ff5cd160fd6f94955944e2f6826b2ebff1b1d4bcd9dc98625ef1548b7 \
    --hash=sha256:da23fa5082940ae1eed487ee9b7c1da7015b53f9feffeee661f4ee57f696dcd5 \
    --hash=sha256:db6b15c00fcd102bed7af25aa68f52789a81d02766f3ba9b6be57e2c6e7ecb4d \
    --hash=sha256:dc4ca0f4dec55124cd79ddcfc555be1cbe0092cc99bcf1403621d17b9c6218bb \
    --hash=sha256:e765c12a02dea0bd968cf1e85af77be1dc6d21909c3fbf5bd81815a7cdd4a65e \
    --hash=sha256:e7c9daa90b15f59aa2a0d638ac1b36777a7e80122099952a0295c71190ce14bc \
    --hash=sha256:ea4116d35642d2b56d105b82c53480677d6e97bff354977948587512328b14d9 \
    --hash=sha256:ed20f1b45b2da5a4f8e71a80025bca1cdc96ba35820b0b17658a4a025be920b0 \
    --hash=sha256:ee16fb1c999b049b4e6b3438a56acb65e827f834105def8a9eee25ab9b2b18f8 \
    --hash=sha256:f02ef2bf72a576bf541534c704971b8901616db431bc46d368eed1d6b20aaa1e \
    --hash=sha256:f3897d5763df5ffc78327605c5a62748a04f043458928b33b2032ebefa35ee6d \
    --hash=sha256:f63b4e351ffa434b3b07629ab9068c25bfe322edc0c8f6b0310d950598ca5214 \
    --hash=sha256:fd2de686b64bef9a9efe059f826705b2a885cbcb9eff5eb8d42c290bdc72debd \
    --hash=sha256:ff4a2cb84798faffb3988bd94636c3ad31a95ff44ef017f09121abffc56f84cf
    # via -r requirements.in
delocate==0.13.0 \
    --hash=sha256:11f7596f88984c33f76b27fe2eea7637d1ce369a9e0b6737bbc706b6426e862c \
    --hash=sha256:a93e67a9f56ee01a3f7096a042231d4ac37fecac873cd5ea34ea2b4f43a8fa13
    # via -r requirements.in
macholib==1.16.4 \
    --hash=sha256:da1a3fa8266e30f0ce7e97c6a54eefaae8edd1e5f86f3eb8b95457cae90265ea \
    --hash=sha256:f408c93ab2e995cd2c46e34fe328b130404be143469e41bc366c807448979362
    # via delocate
numpy==2.5.3 \
    --hash=sha256:012e66aca395d795496446e52aeeb5866312a5d4d3f27da270e5a0b43f70dc5c \
    --hash=sha256:09d5a423c71ad5feb5625844ad58050e35df43871004b52ac9c0ad44a56775be \
    --hash=sha256:09ffa5d903faeaa5c4dd05009cf81c8bab9f2cb37c548b8d39b65b4cfa7c97f7 \
    --hash=sha256:0a59a421a32580a009e8a1751345bf829631b990dc1794b80514ab722b435def \
    --hash=sha256:116f96cadd935c6122e9228d676fe7ede19e741f5c8bb1c3cddbe0c51ccebea2 \
    --hash=sha256:1302b90c0e52281681b2975adfe8a860cb7b12216a27b4b0b4207c44bf7bccf0 \
    --hash=sha256:15aa985ac73a8db02db7663381aa109510449d3819d37206caed27b33a65a8a6 \
    --hash=sha256:1aad64d99730d013cfc6debafed22783b4fc5a7f4b8bc744d2d8cf7dcc880551 \
    --hash=sha256:1c80eabb4035ecf4ca9cd49cde8a9fdd69a729e63e6474887d1523ade7aa277f \
    --hash=sha256:1f3ed25271581281f2fccb1adcedfcde4c07362eec69189b50baf6f90e3ae159 \
    --hash=sha256:1fb6f8fb9ff0b3a69f52c66ce397b0246583e9f28616231b0e32ca49259a5fa6 \
    --hash=sha256:214045a5bf00113a146ab9ee9730c44501af6723cdf1f6830932f7b5ef2e7af0 \
    --hash=sha256:26e15e4aecd8617dfbaecb37d223e365d7b39411fba20454be2670a96aa74cb5 \
    --hash=sha256:2c25dfa72943e4336ddb6b0ee4277b47a0c85bede0807530ec68103bf58e2c10 \
    --hash=sha256:2d8240cb4c16fd831074aa2b2cf9fc54664d826341d61c372245b96a74a49a9a \
    --hash=sha256:350ba9783ce969cf9f7ce6e6a9a58e1a6e2a19ca025b7ee448c4db727706212a \
    --hash=sha256:4c8a6d2ebce6305fd82fbefca827775437147052a976ee7c94b36a0c1b52ac6c \
    --hash=sha256:4f8929ee6c96bfbd7b4ed2032e0c03af86fe1826740ab61ddabf9072d06e57ff \
    --hash=sha256:536f963710a4e63934d80ac0dc4f478804a83e9a84b6828018f25d09953ada33 \
    --hash=sha256:54a115e5a73b8fc44f0cebef486365a1894b5c9760685d4558b72b7c3eb846e0 \
    --hash=sha256:595d020938c84e320bcf40ad71089e108eac0d377cd018e14a8c094f39e98d85 \
    --hash=sha256:66a78fe4556c60aceda5916f9eacd638b18e9e681016ec302dcb4682d6d4d034 \
    --hash=sha256:6b05c171afb3aa07adbd20abc00aea86fe375beb0fdb9ef780ec5b7f63bab1c0 \
    --hash=sha256:6cef4bb1706dfec49243c05d921eefb4e190d41e2528b30d8035ea1f36b4c24a \
    --hash=sha256:6f24021b9f22bc6301c37b196974a92c1c18dccedb6fef3dd252e95f2d6adbe4 \
    --hash=sha256:71b39d9f935b6ec0f8753e3e2afb51e3efba6f2e05b68b32a40754d24bcd4a3c \
    --hash=sha256:71cad2b2a7451ab79d8f5e71b453485b6775963d5cf794179144a7463fe6e8ec \
    --hash=sha256:76c2c1e6bfa5c84adc6434dfbf013aa92096a7985221762c8f11fedfd20fff58 \
    --hash=sha256:8617bbfae4486cf99c9f899966699428d19da931d06ca94ad3da986c76e15997 \
    --hash=sha256:86bff898a431c0fb71f7610b75726e75a54d47b37edc9d537f48de63bb3c0b90 \
    --hash=sha256:8e4dd766076855b5ff7ea52fa5f07ce26286726e0f8bff446b7739d02e6ea204 \
    --hash=sha256:92f30e89b8ee0ecf363033576c422b2f58fed6a80bed0aa48dff6d14c654663e \
    --hash=sha256:93e1f5447e2b1e479d7bd74701e84746b86450cff1fc368b132d195e2b8f8211 \
    --hash=sha256:9a37475425b431b4d060f23b4f52cd2f3aef6bc7c654bd760adf0040eec9d435 \
    --hash=sha256:9deb49575e5b0b94ed72c8a64ec4d033381adc27e9060ae842971f697ba96104 \
    --hash=sha256:a5fa86b80fd24bcd1aff83ad23be44ea323de3f787be8f8b15d4a65621e25321 \
    --hash=sha256:a6391fafaba97500887132cd582abc6e19452b1ac775a47caa7b24490e152058 \
    --hash=sha256:a72f874bc9e10e4b8f80426fb49716d5141f64442a0c8418065093ec8017fbb0 \
    --hash=sha256:ac7bb1c52d445bd4f8f7f97fefe6abc3a084dc4d63df50d79b17fa2b78e89297 \
    --hash=sha256:adc1ada2662f8a5f960b8a10d9986897e7499ef07e06d4cfe7197f8cce923c07 \
    --hash=sha256:b00eefbcf0f292945c4b4dec2ae845389ef5bcdcd596e6e4328051db5b5ba694 \
    --hash=sha256:b0521d0f4aebb6e06189451025fa17a913287b13c03d5fe05c017333b654ea5b \
    --hash=sha256:b5d93cf48f687479941d12b69c873ad2cc76bbd487f0091c2200636497f34034 \
    --hash=sha256:b7e18c623bb5c95acb3b3328861272816ba199fb531921c5d6d0b675f1fde9e3 \
    --hash=sha256:bd4cb9ad3c7889b9b3fe0a9a9fb5d2ed26f9879bff2608d9f01aed147a20d231 \
    --hash=sha256:be5a8381859b6da607c84f4f7d6847725f1cf1853ef8a2c9e115b7d58bef47dc \
    --hash=sha256:befa1ae5bd6030b3f512b43ff3fa5290bbed6b84411a44244b14adf835f5b89d \
    --hash=sha256:bf63afbe037eb5d2fe87fbcc7778e61da53ebaf21d938a4515aa73b62532a5d4 \
    --hash=sha256:c00abe94c1a69d75d827dcf1c025b25c8a45d230b3bcd77a9020883a1b047653 \
    --hash=sha256:c2381f82999704f818e2c987a865050e285ec3621262c66d40f5a96c8f899f8e \
    --hash=sha256:c76d5dde9f445058f83d0c02af00557a4db91de9a9a57c0df87d1535001d654b \
    --hash=sha256:cb189f09db39283b26bfd061ec16189e14f71c6755207f72a0f7540867afe5b9 \
    --hash=sha256:ccb32e0525d29e8b0572eb84c9a57af0e7a4e615726927506f55063c62414034 \
    --hash=sha256:ccbc4665079665c3cf3bab4db9f6b095370cd6437d66be549b6c2a1fd19e1958 \
    --hash=sha256:d1c89973648c85069c5046ad460f7b8a00218b29a2e42359ac8cc63e9ab94832 \
    --hash=sha256:df2d5874ff183595a4ba404edd04f6bd9b5505c1d7708573f6a6c17489a67563 \
    --hash=sha256:e01c918ac3d48e18a927cf7b14a26a3e29ff2bdf2eacb976da0aecd6a43ed034 \
    --hash=sha256:e6ab667ba76450084eb64013762c438ea76d9d29cc676dcd6c2e9892ba37f841 \
    --hash=sha256:e931e4f499e0dc7ef29d269a8e5b35dd722e5d14be07df6240166ea7c6532fae \
    --hash=sha256:f54660b0eb6b0b9f36e7fe1cdfdff472028dd0d14acd9b9b65098efbad059469 \
    --hash=sha256:f59a878c33d6b88122d80d239bb3b845d58708750b0cb06a09aebb9b18ec696c \
    --hash=sha256:f7fabeb6cea87d65f3b926de33d03fb016cfdc29314c90974383b5582ae72891 \
    --hash=sha256:f9579f383d1bf9df80081e72760e84960a7fd4f88cf0c9e535a8597c9bb646f5 \
    --hash=sha256:f9a2353b37a1a9e78fd82b27ad7e2a32a2d036604d18f02b05e3136c62ca3b09 \
    --hash=sha256:fc36dc566135b5eceec4cf89758fcb719266a019ef07dae1754ae7c9f617ef3e \
    --hash=sha256:ffdc76bfcae6b255dff75202c5e7feaf95b40246bc0a17944facc1fecf9f79ab
    # via -r requirements.in
packaging==26.3 \
    --hash=sha256:94edc256424af38762eb31306eed28beb9f0efc50a8837492c9d6fd6004aed79 \
    --hash=sha256:d7193f7c8e4e93f444fde0262bf90af30e16fa0ad0ad44cb553c87339b23cd1c
    # via delocate
setuptools==84.0.0 \
    --hash=sha256:51a52592b3b99e102b609654876bd65f19f999935166d1352678931132b0c670 \
    --hash=sha256:f4695c21257f0d9b537ec2692c941d02ee143b7cc1276941349a546573b2ef73
    # via -r requirements.in
typing-extensions==4.16.0 \
    --hash=sha256:481caa481374e813c1b176ada14e97f1f67a4539ce9cfeb3f350d78d6370c2e8 \
    --hash=sha256:dc983d19a509c94dba722ee6abd33940f7c05a89e243c47e907eb4db6f1a43e5
    # via delocate
wheel==0.45.1 \
    --hash=sha256:661e1abd9198507b1409a20c02106d9670b2576e916d58f520316666abca6729 \
    --hash=sha256:708e7481cc80179af0e556bbf0cc00b8444c7321e2700b8d8580231d13017248
    # via -r requirements.in
